// !$*UTF8*$!
{
	archiveVersion = 1;
	classes = {
	};
	objectVersion = 77;
	objects = {

/* Begin PBXBuildFile section */
		EDDE73FB2E1CC722003BADC1 /* FirebaseCore in Frameworks */ = {isa = PBXBuildFile; productRef = EDDE73FA2E1CC722003BADC1 /* FirebaseCore */; };
		EDDE73FD2E1CC722003BADC1 /* FirebaseFirestore in Frameworks */ = {isa = PBXBuildFile; productRef = EDDE73FC2E1CC722003BADC1 /* FirebaseFirestore */; };
		EDEB20D22E37DEC200258F45 /* GoogleService-Info.plist in Resources */ = {isa = PBXBuildFile; fileRef = EDEB20D12E37DEC200258F45 /* GoogleService-Info.plist */; };
/* End PBXBuildFile section */

/* Begin PBXContainerItemProxy section */
		EDDE51B52E1C43E7003BADC1 /* PBXContainerItemProxy */ = {
			isa = PBXContainerItemProxy;
			containerPortal = EDDE519D2E1C43E6003BADC1 /* Project object */;
			proxyType = 1;
			remoteGlobalIDString = EDDE51A42E1C43E6003BADC1;
			remoteInfo = "TO Childcare Finder";
		};
		EDDE51BF2E1C43E7003BADC1 /* PBXContainerItemProxy */ = {
			isa = PBXContainerItemProxy;
			containerPortal = EDDE519D2E1C43E6003BADC1 /* Project object */;
			proxyType = 1;
			remoteGlobalIDString = EDDE51A42E1C43E6003BADC1;
			remoteInfo = "TO Childcare Finder";
		};
/* End PBXContainerItemProxy section */

/* Begin PBXFileReference section */
		EDDE51A52E1C43E6003BADC1 /* TO Childcare Finder.app */ = {isa = PBXFileReference; explicitFileType = wrapper.application; includeInIndex = 0; path = "TO Childcare Finder.app"; sourceTree = BUILT_PRODUCTS_DIR; };
		EDDE51B42E1C43E7003BADC1 /* TO Childcare FinderTests.xctest */ = {isa = PBXFileReference; explicitFileType = wrapper.cfbundle; includeInIndex = 0; path = "TO Childcare FinderTests.xctest"; sourceTree = BUILT_PRODUCTS_DIR; };
		EDDE51BE2E1C43E7003BADC1 /* TO Childcare FinderUITests.xctest */ = {isa = PBXFileReference; explicitFileType = wrapper.cfbundle; includeInIndex = 0; path = "TO Childcare FinderUITests.xctest"; sourceTree = BUILT_PRODUCTS_DIR; };
		EDEB20D12E37DEC200258F45 /* GoogleService-Info.plist */ = {isa = PBXFileReference; lastKnownFileType = text.plist.xml; path = "GoogleService-Info.plist"; sourceTree = "<group>"; };
/* End PBXFileReference section */

/* Begin PBXFileSystemSynchronizedRootGroup section */
		EDDE51A72E1C43E6003BADC1 /* TO Childcare Finder */ = {
			isa = PBXFileSystemSynchronizedRootGroup;
			path = "TO Childcare Finder";
			sourceTree = "<group>";
		};
		EDDE51B72E1C43E7003BADC1 /* TO Childcare FinderTests */ = {
			isa = PBXFileSystemSynchronizedRootGroup;
			path = "TO Childcare FinderTests";
			sourceTree = "<group>";
		};
		EDDE51C12E1C43E7003BADC1 /* TO Childcare FinderUITests */ = {
			isa = PBXFileSystemSynchronizedRootGroup;
			path = "TO Childcare FinderUITests";
			sourceTree = "<group>";
		};
/* End PBXFileSystemSynchronizedRootGroup section */

/* Begin PBXFrameworksBuildPhase section */
		EDDE51A22E1C43E6003BADC1 /* Frameworks */ = {
			isa = PBXFrameworksBuildPhase;
			buildActionMask = 2147483647;
			files = (
				EDDE73FB2E1CC722003BADC1 /* FirebaseCore in Frameworks */,
				EDDE73FD2E1CC722003BADC1 /* FirebaseFirestore in Frameworks */,
			);
			runOnlyForDeploymentPostprocessing = 0;
		};
		EDDE51B12E1C43E7003BADC1 /* Frameworks */ = {
			isa = PBXFrameworksBuildPhase;
			buildActionMask = 2147483647;
			files = (
			);
			runOnlyForDeploymentPostprocessing = 0;
		};
		EDDE51BB2E1C43E7003BADC1 /* Frameworks */ = {
			isa = PBXFrameworksBuildPhase;
			buildActionMask = 2147483647;
			files = (
			);
			runOnlyForDeploymentPostprocessing = 0;
		};
/* End PBXFrameworksBuildPhase section */

/* Begin PBXGroup section */
		EDDE519C2E1C43E6003BADC1 = {
			isa = PBXGroup;
			children = (
				EDEB20D12E37DEC200258F45 /* GoogleService-Info.plist */,
				EDDE51A72E1C43E6003BADC1 /* TO Childcare Finder */,
				EDDE51B72E1C43E7003BADC1 /* TO Childcare FinderTests */,
				EDDE51C12E1C43E7003BADC1 /* TO Childcare FinderUITests */,
				EDDE51A62E1C43E6003BADC1 /* Products */,
			);
			sourceTree = "<group>";
		};
		EDDE51A62E1C43E6003BADC1 /* Products */ = {
			isa = PBXGroup;
			children = (
				EDDE51A52E1C43E6003BADC1 /* TO Childcare Finder.app */,
				EDDE51B42E1C43E7003BADC1 /* TO Childcare FinderTests.xctest */,
				EDDE51BE2E1C43E7003BADC1 /* TO Childcare FinderUITests.xctest */,
			);
			name = Products;
			sourceTree = "<group>";
		};
/* End PBXGroup section */

/* Begin PBXNativeTarget section */
		EDDE51A42E1C43E6003BADC1 /* TO Childcare Finder */ = {
			isa = PBXNativeTarget;
			buildConfigurationList = EDDE51C82E1C43E7003BADC1 /* Build configuration list for PBXNativeTarget "TO Childcare Finder" */;
			buildPhases = (
				EDDE51A12E1C43E6003BADC1 /* Sources */,
				EDDE51A22E1C43E6003BADC1 /* Frameworks */,
				EDDE51A32E1C43E6003BADC1 /* Resources */,
			);
			buildRules = (
			);
			dependencies = (
			);
			fileSystemSynchronizedGroups = (
				EDDE51A72E1C43E6003BADC1 /* TO Childcare Finder */,
			);
			name = "TO Childcare Finder";
			packageProductDependencies = (
				EDDE73FA2E1CC722003BADC1 /* FirebaseCore */,
				EDDE73FC2E1CC722003BADC1 /* FirebaseFirestore */,
			);
			productName = "TO Childcare Finder";
			productReference = EDDE51A52E1C43E6003BADC1 /* TO Childcare Finder.app */;
			productType = "com.apple.product-type.application";
		};
		EDDE51B32E1C43E7003BADC1 /* TO Childcare FinderTests */ = {
			isa = PBXNativeTarget;
			buildConfigurationList = EDDE51CB2E1C43E7003BADC1 /* Build configuration list for PBXNativeTarget "TO Childcare FinderTests" */;
			buildPhases = (
				EDDE51B02E1C43E7003BADC1 /* Sources */,
				EDDE51B12E1C43E7003BADC1 /* Frameworks */,
				EDDE51B22E1C43E7003BADC1 /* Resources */,
			);
			buildRules = (
			);
			dependencies = (
				EDDE51B62E1C43E7003BADC1 /* PBXTargetDependency */,
			);
			fileSystemSynchronizedGroups = (
				EDDE51B72E1C43E7003BADC1 /* TO Childcare FinderTests */,
			);
			name = "TO Childcare FinderTests";
			packageProductDependencies = (
			);
			productName = "TO Childcare FinderTests";
			productReference = EDDE51B42E1C43E7003BADC1 /* TO Childcare FinderTests.xctest */;
			productType = "com.apple.product-type.bundle.unit-test";
		};
		EDDE51BD2E1C43E7003BADC1 /* TO Childcare FinderUITests */ = {
			isa = PBXNativeTarget;
			buildConfigurationList = EDDE51CE2E1C43E7003BADC1 /* Build configuration list for PBXNativeTarget "TO Childcare FinderUITests" */;
			buildPhases = (
				EDDE51BA2E1C43E7003BADC1 /* Sources */,
				EDDE51BB2E1C43E7003BADC1 /* Frameworks */,
				EDDE51BC2E1C43E7003BADC1 /* Resources */,
			);
			buildRules = (
			);
			dependencies = (
				EDDE51C02E1C43E7003BADC1 /* PBXTargetDependency */,
			);
			fileSystemSynchronizedGroups = (
				EDDE51C12E1C43E7003BADC1 /* TO Childcare FinderUITests */,
			);
			name = "TO Childcare FinderUITests";
			packageProductDependencies = (
			);
			productName = "TO Childcare FinderUITests";
			productReference = EDDE51BE2E1C43E7003BADC1 /* TO Childcare FinderUITests.xctest */;
			productType = "com.apple.product-type.bundle.ui-testing";
		};
/* End PBXNativeTarget section */

/* Begin PBXProject section */
		EDDE519D2E1C43E6003BADC1 /* Project object */ = {
			isa = PBXProject;
			attributes = {
				BuildIndependentTargetsInParallel = 1;
				LastSwiftUpdateCheck = 1640;
				LastUpgradeCheck = 1640;
				TargetAttributes = {
					EDDE51A42E1C43E6003BADC1 = {
						CreatedOnToolsVersion = 16.4;
					};
					EDDE51B32E1C43E7003BADC1 = {
						CreatedOnToolsVersion = 16.4;
						TestTargetID = EDDE51A42E1C43E6003BADC1;
					};
					EDDE51BD2E1C43E7003BADC1 = {
						CreatedOnToolsVersion = 16.4;
						TestTargetID = EDDE51A42E1C43E6003BADC1;
					};
				};
			};
			buildConfigurationList = EDDE51A02E1C43E6003BADC1 /* Build configuration list for PBXProject "TO Childcare Finder" */;
			developmentRegion = en;
			hasScannedForEncodings = 0;
			knownRegions = (
				en,
				Base,
			);
			mainGroup = EDDE519C2E1C43E6003BADC1;
			minimizedProjectReferenceProxies = 1;
			packageReferences = (
				EDDE73F92E1CC722003BADC1 /* XCRemoteSwiftPackageReference "firebase-ios-sdk" */,
			);
			preferredProjectObjectVersion = 77;
			productRefGroup = EDDE51A62E1C43E6003BADC1 /* Products */;
			projectDirPath = "";
			projectRoot = "";
			targets = (
				EDDE51A42E1C43E6003BADC1 /* TO Childcare Finder */,
				EDDE51B32E1C43E7003BADC1 /* TO Childcare FinderTests */,
				EDDE51BD2E1C43E7003BADC1 /* TO Childcare FinderUITests */,
			);
		};
/* End PBXProject section */

/* Begin PBXResourcesBuildPhase section */
		EDDE51A32E1C43E6003BADC1 /* Resources */ = {
			isa = PBXResourcesBuildPhase;
			buildActionMask = 2147483647;
			files = (
				EDEB20D22E37DEC200258F45 /* GoogleService-Info.plist in Resources */,
			);
			runOnlyForDeploymentPostprocessing = 0;
		};
		EDDE51B22E1C43E7003BADC1 /* Resources */ = {
			isa = PBXResourcesBuildPhase;
			buildActionMask = 2147483647;
			files = (
			);
			runOnlyForDeploymentPostprocessing = 0;
		};
		EDDE51BC2E1C43E7003BADC1 /* Resources */ = {
			isa = PBXResourcesBuildPhase;
			buildActionMask = 2147483647;
			files = (
			);
			runOnlyForDeploymentPostprocessing = 0;
		};
/* End PBXResourcesBuildPhase section */

/* Begin PBXSourcesBuildPhase section */
		EDDE51A12E1C43E6003BADC1 /* Sources */ = {
			isa = PBXSourcesBuildPhase;
			buildActionMask = 2147483647;
			files = (
			);
			runOnlyForDeploymentPostprocessing = 0;
		};
		EDDE51B02E1C43E7003BADC1 /* Sources */ = {
			isa = PBXSourcesBuildPhase;
			buildActionMask = 2147483647;
			files = (
			);
			runOnlyForDeploymentPostprocessing = 0;
		};
		EDDE51BA2E1C43E7003BADC1 /* Sources */ = {
			isa = PBXSourcesBuildPhase;
			buildActionMask = 2147483647;
			files = (
			);
			runOnlyForDeploymentPostprocessing = 0;
		};
/* End PBXSourcesBuildPhase section */

/* Begin PBXTargetDependency section */
		EDDE51B62E1C43E7003BADC1 /* PBXTargetDependency */ = {
			isa = PBXTargetDependency;
			target = EDDE51A42E1C43E6003BADC1 /* TO Childcare Finder */;
			targetProxy = EDDE51B52E1C43E7003BADC1 /* PBXContainerItemProxy */;
		};
		EDDE51C02E1C43E7003BADC1 /* PBXTargetDependency */ = {
			isa = PBXTargetDependency;
			target = EDDE51A42E1C43E6003BADC1 /* TO Childcare Finder */;
			targetProxy = EDDE51BF2E1C43E7003BADC1 /* PBXContainerItemProxy */;
		};
/* End PBXTargetDependency section */

/* Begin XCBuildConfiguration section */
		EDDE51C62E1C43E7003BADC1 /* Debug */ = {
			isa = XCBuildConfiguration;
			buildSettings = {
				ALWAYS_SEARCH_USER_PATHS = NO;
				ASSETCATALOG_COMPILER_GENERATE_SWIFT_ASSET_SYMBOL_EXTENSIONS = YES;
				CLANG_ANALYZER_NONNULL = YES;
				CLANG_ANALYZER_NUMBER_OBJECT_CONVERSION = YES_AGGRESSIVE;
				CLANG_CXX_LANGUAGE_STANDARD = "gnu++20";
				CLANG_ENABLE_MODULES = YES;
				CLANG_ENABLE_OBJC_ARC = YES;
				CLANG_ENABLE_OBJC_WEAK = YES;
				CLANG_WARN_BLOCK_CAPTURE_AUTORELEASING = YES;
				CLANG_WARN_BOOL_CONVERSION = YES;
				CLANG_WARN_COMMA = YES;
				CLANG_WARN_CONSTANT_CONVERSION = YES;
				CLANG_WARN_DEPRECATED_OBJC_IMPLEMENTATIONS = YES;
				CLANG_WARN_DIRECT_OBJC_ISA_USAGE = YES_ERROR;
				CLANG_WARN_DOCUMENTATION_COMMENTS = YES;
				CLANG_WARN_EMPTY_BODY = YES;
				CLANG_WARN_ENUM_CONVERSION = YES;
				CLANG_WARN_INFINITE_RECURSION = YES;
				CLANG_WARN_INT_CONVERSION = YES;
				CLANG_WARN_NON_LITERAL_NULL_CONVERSION = YES;
				CLANG_WARN_OBJC_IMPLICIT_RETAIN_SELF = YES;
				CLANG_WARN_OBJC_LITERAL_CONVERSION = YES;
				CLANG_WARN_OBJC_ROOT_CLASS = YES_ERROR;
				CLANG_WARN_QUOTED_INCLUDE_IN_FRAMEWORK_HEADER = YES;
				CLANG_WARN_RANGE_LOOP_ANALYSIS = YES;
				CLANG_WARN_STRICT_PROTOTYPES = YES;
				CLANG_WARN_SUSPICIOUS_MOVE = YES;
				CLANG_WARN_UNGUARDED_AVAILABILITY = YES_AGGRESSIVE;
				CLANG_WARN_UNREACHABLE_CODE = YES;
				CLANG_WARN__DUPLICATE_METHOD_MATCH = YES;
				COPY_PHASE_STRIP = NO;
				DEBUG_INFORMATION_FORMAT = dwarf;
				DEVELOPMENT_TEAM = L4PQC3JFTU;
				ENABLE_STRICT_OBJC_MSGSEND = YES;
				ENABLE_TESTABILITY = YES;
				ENABLE_USER_SCRIPT_SANDBOXING = YES;
				GCC_C_LANGUAGE_STANDARD = gnu17;
				GCC_DYNAMIC_NO_PIC = NO;
				GCC_NO_COMMON_BLOCKS = YES;
				GCC_OPTIMIZATION_LEVEL = 0;
				GCC_PREPROCESSOR_DEFINITIONS = (
					"DEBUG=1",
					"$(inherited)",
				);
				GCC_WARN_64_TO_32_BIT_CONVERSION = YES;
				GCC_WARN_ABOUT_RETURN_TYPE = YES_ERROR;
				GCC_WARN_UNDECLARED_SELECTOR = YES;
				GCC_WARN_UNINITIALIZED_AUTOS = YES_AGGRESSIVE;
				GCC_WARN_UNUSED_FUNCTION = YES;
				GCC_WARN_UNUSED_VARIABLE = YES;
				IPHONEOS_DEPLOYMENT_TARGET = 18.5;
				LOCALIZATION_PREFERS_STRING_CATALOGS = YES;
				MTL_ENABLE_DEBUG_INFO = INCLUDE_SOURCE;
				MTL_FAST_MATH = YES;
				ONLY_ACTIVE_ARCH = YES;
				SDKROOT = iphoneos;
				SWIFT_ACTIVE_COMPILATION_CONDITIONS = "DEBUG $(inherited)";
				SWIFT_OPTIMIZATION_LEVEL = "-Onone";
			};
			name = Debug;
		};
		EDDE51C72E1C43E7003BADC1 /* Release */ = {
			isa = XCBuildConfiguration;
			buildSettings = {
				ALWAYS_SEARCH_USER_PATHS = NO;
				ASSETCATALOG_COMPILER_GENERATE_SWIFT_ASSET_SYMBOL_EXTENSIONS = YES;
				CLANG_ANALYZER_NONNULL = YES;
				CLANG_ANALYZER_NUMBER_OBJECT_CONVERSION = YES_AGGRESSIVE;
				CLANG_CXX_LANGUAGE_STANDARD = "gnu++20";
				CLANG_ENABLE_MODULES = YES;
				CLANG_ENABLE_OBJC_ARC = YES;
				CLANG_ENABLE_OBJC_WEAK = YES;
				CLANG_WARN_BLOCK_CAPTURE_AUTORELEASING = YES;
				CLANG_WARN_BOOL_CONVERSION = YES;
				CLANG_WARN_COMMA = YES;
				CLANG_WARN_CONSTANT_CONVERSION = YES;
				CLANG_WARN_DEPRECATED_OBJC_IMPLEMENTATIONS = YES;
				CLANG_WARN_DIRECT_OBJC_ISA_USAGE = YES_ERROR;
				CLANG_WARN_DOCUMENTATION_COMMENTS = YES;
				CLANG_WARN_EMPTY_BODY = YES;
				CLANG_WARN_ENUM_CONVERSION = YES;
				CLANG_WARN_INFINITE_RECURSION = YES;
				CLANG_WARN_INT_CONVERSION = YES;
				CLANG_WARN_NON_LITERAL_NULL_CONVERSION = YES;
				CLANG_WARN_OBJC_IMPLICIT_RETAIN_SELF = YES;
				CLANG_WARN_OBJC_LITERAL_CONVERSION = YES;
				CLANG_WARN_OBJC_ROOT_CLASS = YES_ERROR;
				CLANG_WARN_QUOTED_INCLUDE_IN_FRAMEWORK_HEADER = YES;
				CLANG_WARN_RANGE_LOOP_ANALYSIS = YES;
				CLANG_WARN_STRICT_PROTOTYPES = YES;
				CLANG_WARN_SUSPICIOUS_MOVE = YES;
				CLANG_WARN_UNGUARDED_AVAILABILITY = YES_AGGRESSIVE;
				CLANG_WARN_UNREACHABLE_CODE = YES;
				CLANG_WARN__DUPLICATE_METHOD_MATCH = YES;
				COPY_PHASE_STRIP = NO;
				DEBUG_INFORMATION_FORMAT = "dwarf-with-dsym";
				DEVELOPMENT_TEAM = L4PQC3JFTU;
				ENABLE_NS_ASSERTIONS = NO;
				ENABLE_STRICT_OBJC_MSGSEND = YES;
				ENABLE_USER_SCRIPT_SANDBOXING = YES;
				GCC_C_LANGUAGE_STANDARD = gnu17;
				GCC_NO_COMMON_BLOCKS = YES;
				GCC_WARN_64_TO_32_BIT_CONVERSION = YES;
				GCC_WARN_ABOUT_RETURN_TYPE = YES_ERROR;
				GCC_WARN_UNDECLARED_SELECTOR = YES;
				GCC_WARN_UNINITIALIZED_AUTOS = YES_AGGRESSIVE;
				GCC_WARN_UNUSED_FUNCTION = YES;
				GCC_WARN_UNUSED_VARIABLE = YES;
				IPHONEOS_DEPLOYMENT_TARGET = 18.5;
				LOCALIZATION_PREFERS_STRING_CATALOGS = YES;
				MTL_ENABLE_DEBUG_INFO = NO;
				MTL_FAST_MATH = YES;
				SDKROOT = iphoneos;
				SWIFT_COMPILATION_MODE = wholemodule;
				VALIDATE_PRODUCT = YES;
			};
			name = Release;
		};
		EDDE51C92E1C43E7003BADC1 /* Debug */ = {
			isa = XCBuildConfiguration;
			buildSettings = {
				ASSETCATALOG_COMPILER_APPICON_NAME = AppIcon;
				ASSETCATALOG_COMPILER_GLOBAL_ACCENT_COLOR_NAME = AccentColor;
				CODE_SIGN_STYLE = Automatic;
				CURRENT_PROJECT_VERSION = 1;
				DEVELOPMENT_TEAM = L4PQC3JFTU;
				ENABLE_PREVIEWS = YES;
				GENERATE_INFOPLIST_FILE = YES;
				INFOPLIST_KEY_LSApplicationCategoryType = "public.app-category.lifestyle";
				INFOPLIST_KEY_NSLocationAlwaysAndWhenInUseUsageDescription = "Location is used always";
				INFOPLIST_KEY_NSLocationWhenInUseUsageDescription = "Location is used while using the app";
				INFOPLIST_KEY_UIApplicationSceneManifest_Generation = YES;
				INFOPLIST_KEY_UIApplicationSupportsIndirectInputEvents = YES;
				INFOPLIST_KEY_UILaunchScreen_Generation = YES;
				INFOPLIST_KEY_UISupportedInterfaceOrientations_iPad = "UIInterfaceOrientationPortrait UIInterfaceOrientationPortraitUpsideDown UIInterfaceOrientationLandscapeLeft UIInterfaceOrientationLandscapeRight";
				INFOPLIST_KEY_UISupportedInterfaceOrientations_iPhone = "UIInterfaceOrientationPortrait UIInterfaceOrientationLandscapeLeft UIInterfaceOrientationLandscapeRight";
				LD_RUNPATH_SEARCH_PATHS = (
					"$(inherited)",
					"@executable_path/Frameworks",
				);
				MARKETING_VERSION = 1.0;
				PRODUCT_BUNDLE_IDENTIFIER = "com.yeibinkang.TO-Childcare-Finder";
				PRODUCT_NAME = "$(TARGET_NAME)";
				SWIFT_EMIT_LOC_STRINGS = YES;
				SWIFT_VERSION = 5.0;
				TARGETED_DEVICE_FAMILY = "1,2";
			};
			name = Debug;
		};
		EDDE51CA2E1C43E7003BADC1 /* Release */ = {
			isa = XCBuildConfiguration;
			buildSettings = {
				ASSETCATALOG_COMPILER_APPICON_NAME = AppIcon;
				ASSETCATALOG_COMPILER_GLOBAL_ACCENT_COLOR_NAME = AccentColor;
				CODE_SIGN_STYLE = Automatic;
				CURRENT_PROJECT_VERSION = 1;
				DEVELOPMENT_TEAM = L4PQC3JFTU;
				ENABLE_PREVIEWS = YES;
				GENERATE_INFOPLIST_FILE = YES;
				INFOPLIST_KEY_LSApplicationCategoryType = "public.app-category.lifestyle";
				INFOPLIST_KEY_NSLocationAlwaysAndWhenInUseUsageDescription = "Location is used always";
				INFOPLIST_KEY_NSLocationWhenInUseUsageDescription = "Location is used while using the app";
				INFOPLIST_KEY_UIApplicationSceneManifest_Generation = YES;
				INFOPLIST_KEY_UIApplicationSupportsIndirectInputEvents = YES;
				INFOPLIST_KEY_UILaunchScreen_Generation = YES;
				INFOPLIST_KEY_UISupportedInterfaceOrientations_iPad = "UIInterfaceOrientationPortrait UIInterfaceOrientationPortraitUpsideDown UIInterfaceOrientationLandscapeLeft UIInterfaceOrientationLandscapeRight";
				INFOPLIST_KEY_UISupportedInterfaceOrientations_iPhone = "UIInterfaceOrientationPortrait UIInterfaceOrientationLandscapeLeft UIInterfaceOrientationLandscapeRight";
				LD_RUNPATH_SEARCH_PATHS = (
					"$(inherited)",
					"@executable_path/Frameworks",
				);
				MARKETING_VERSION = 1.0;
				PRODUCT_BUNDLE_IDENTIFIER = "com.yeibinkang.TO-Childcare-Finder";
				PRODUCT_NAME = "$(TARGET_NAME)";
				SWIFT_EMIT_LOC_STRINGS = YES;
				SWIFT_VERSION = 5.0;
				TARGETED_DEVICE_FAMILY = "1,2";
			};
			name = Release;
		};
		EDDE51CC2E1C43E7003BADC1 /* Debug */ = {
			isa = XCBuildConfiguration;
			buildSettings = {
				BUNDLE_LOADER = "$(TEST_HOST)";
				CODE_SIGN_STYLE = Automatic;
				CURRENT_PROJECT_VERSION = 1;
				DEVELOPMENT_TEAM = L4PQC3JFTU;
				GENERATE_INFOPLIST_FILE = YES;
				IPHONEOS_DEPLOYMENT_TARGET = 18.5;
				MARKETING_VERSION = 1.0;
				PRODUCT_BUNDLE_IDENTIFIER = "com.yeibinkang.TO-Childcare-FinderTests";
				PRODUCT_NAME = "$(TARGET_NAME)";
				SWIFT_EMIT_LOC_STRINGS = NO;
				SWIFT_VERSION = 5.0;
				TARGETED_DEVICE_FAMILY = "1,2";
				TEST_HOST = "$(BUILT_PRODUCTS_DIR)/TO Childcare Finder.app/$(BUNDLE_EXECUTABLE_FOLDER_PATH)/TO Childcare Finder";
			};
			name = Debug;
		};
		EDDE51CD2E1C43E7003BADC1 /* Release */ = {
			isa = XCBuildConfiguration;
			buildSettings = {
				BUNDLE_LOADER = "$(TEST_HOST)";
				CODE_SIGN_STYLE = Automatic;
				CURRENT_PROJECT_VERSION = 1;
				DEVELOPMENT_TEAM = L4PQC3JFTU;
				GENERATE_INFOPLIST_FILE = YES;
				IPHONEOS_DEPLOYMENT_TARGET = 18.5;
				MARKETING_VERSION = 1.0;
				PRODUCT_BUNDLE_IDENTIFIER = "com.yeibinkang.TO-Childcare-FinderTests";
				PRODUCT_NAME = "$(TARGET_NAME)";
				SWIFT_EMIT_LOC_STRINGS = NO;
				SWIFT_VERSION = 5.0;
				TARGETED_DEVICE_FAMILY = "1,2";
				TEST_HOST = "$(BUILT_PRODUCTS_DIR)/TO Childcare Finder.app/$(BUNDLE_EXECUTABLE_FOLDER_PATH)/TO Childcare Finder";
			};
			name = Release;
		};
		EDDE51CF2E1C43E7003BADC1 /* Debug */ = {
			isa = XCBuildConfiguration;
			buildSettings = {
				CODE_SIGN_STYLE = Automatic;
				CURRENT_PROJECT_VERSION = 1;
				DEVELOPMENT_TEAM = L4PQC3JFTU;
				GENERATE_INFOPLIST_FILE = YES;
				MARKETING_VERSION = 1.0;
				PRODUCT_BUNDLE_IDENTIFIER = "com.yeibinkang.TO-Childcare-FinderUITests";
				PRODUCT_NAME = "$(TARGET_NAME)";
				SWIFT_EMIT_LOC_STRINGS = NO;
				SWIFT_VERSION = 5.0;
				TARGETED_DEVICE_FAMILY = "1,2";
				TEST_TARGET_NAME = "TO Childcare Finder";
			};
			name = Debug;
		};
		EDDE51D02E1C43E7003BADC1 /* Release */ = {
			isa = XCBuildConfiguration;
			buildSettings = {
				CODE_SIGN_STYLE = Automatic;
				CURRENT_PROJECT_VERSION = 1;
				DEVELOPMENT_TEAM = L4PQC3JFTU;
				GENERATE_INFOPLIST_FILE = YES;
				MARKETING_VERSION = 1.0;
				PRODUCT_BUNDLE_IDENTIFIER = "com.yeibinkang.TO-Childcare-FinderUITests";
				PRODUCT_NAME = "$(TARGET_NAME)";
				SWIFT_EMIT_LOC_STRINGS = NO;
				SWIFT_VERSION = 5.0;
				TARGETED_DEVICE_FAMILY = "1,2";
				TEST_TARGET_NAME = "TO Childcare Finder";
			};
			name = Release;
		};
/* End XCBuildConfiguration section */

/* Begin XCConfigurationList section */
		EDDE51A02E1C43E6003BADC1 /* Build configuration list for PBXProject "TO Childcare Finder" */ = {
			isa = XCConfigurationList;
			buildConfigurations = (
				EDDE51C62E1C43E7003BADC1 /* Debug */,
				EDDE51C72E1C43E7003BADC1 /* Release */,
			);
			defaultConfigurationIsVisible = 0;
			defaultConfigurationName = Release;
		};
		EDDE51C82E1C43E7003BADC1 /* Build configuration list for PBXNativeTarget "TO Childcare Finder" */ = {
			isa = XCConfigurationList;
			buildConfigurations = (
				EDDE51C92E1C43E7003BADC1 /* Debug */,
				EDDE51CA2E1C43E7003BADC1 /* Release */,
			);
			defaultConfigurationIsVisible = 0;
			defaultConfigurationName = Release;
		};
		EDDE51CB2E1C43E7003BADC1 /* Build configuration list for PBXNativeTarget "TO Childcare FinderTests" */ = {
			isa = XCConfigurationList;
			buildConfigurations = (
				EDDE51CC2E1C43E7003BADC1 /* Debug */,
				EDDE51CD2E1C43E7003BADC1 /* Release */,
			);
			defaultConfigurationIsVisible = 0;
			defaultConfigurationName = Release;
		};
		EDDE51CE2E1C43E7003BADC1 /* Build configuration list for PBXNativeTarget "TO Childcare FinderUITests" */ = {
			isa = XCConfigurationList;
			buildConfigurations = (
				EDDE51CF2E1C43E7003BADC1 /* Debug */,
				EDDE51D02E1C43E7003BADC1 /* Release */,
			);
			defaultConfigurationIsVisible = 0;
			defaultConfigurationName = Release;
		};
/* End XCConfigurationList section */

/* Begin XCRemoteSwiftPackageReference section */
		EDDE73F92E1CC722003BADC1 /* XCRemoteSwiftPackageReference "firebase-ios-sdk" */ = {
			isa = XCRemoteSwiftPackageReference;
			repositoryURL = "https://github.com/firebase/firebase-ios-sdk";
			requirement = {
				kind = upToNextMajorVersion;
				minimumVersion = 11.15.0;
			};
		};
/* End XCRemoteSwiftPackageReference section */

/* Begin XCSwiftPackageProductDependency section */
		EDDE73FA2E1CC722003BADC1 /* FirebaseCore */ = {
			isa = XCSwiftPackageProductDependency;
			package = EDDE73F92E1CC722003BADC1 /* XCRemoteSwiftPackageReference "firebase-ios-sdk" */;
			productName = FirebaseCore;
		};
		EDDE73FC2E1CC722003BADC1 /* FirebaseFirestore */ = {
			isa = XCSwiftPackageProductDependency;
			package = EDDE73F92E1CC722003BADC1 /* XCRemoteSwiftPackageReference "firebase-ios-sdk" */;
			productName = FirebaseFirestore;
		};
/* End XCSwiftPackageProductDependency section */
	};
	rootObject = EDDE519D2E1C43E6003BADC1 /* Project object */;
}
